{
  "name": "adon-api",
  "version": "1.0.0",
  "lockfileVersion": 1,
  "requires": true,
  "dependencies": {
    "@dabh/diagnostics": {
      "version": "2.0.2",
      "resolved": "https://smbuild.jfrog.io/artifactory/api/npm/siteminder-npm/@dabh/diagnostics/-/diagnostics-2.0.2.tgz",
      "integrity": "sha1-KQ0I97OBuPlGB9yPRxoSxnX52zE=",
      "requires": {
        "colorspace": "1.1.x",
        "enabled": "2.0.x",
        "kuler": "^2.0.0"
      }
    },
    "@types/body-parser": {
      "version": "1.19.0",
      "resolved": "https://smbuild.jfrog.io/artifactory/api/npm/siteminder-npm/@types/body-parser/-/body-parser-1.19.0.tgz",
      "integrity": "sha1-BoWzxH6zAG/+0RfN1VFkth+AU48=",
      "dev": true,
      "requires": {
        "@types/connect": "*",
        "@types/node": "*"
      }
    },
    "@types/connect": {
      "version": "3.4.34",
      "resolved": "https://smbuild.jfrog.io/artifactory/api/npm/siteminder-npm/@types/connect/-/connect-3.4.34.tgz",
      "integrity": "sha1-FwpAIjptZmAG2TyhKK8r6x2bGQE=",
      "dev": true,
      "requires": {
        "@types/node": "*"
      }
    },
    "@types/express": {
      "version": "4.17.3",
      "resolved": "https://smbuild.jfrog.io/artifactory/api/npm/siteminder-npm/@types/express/-/express-4.17.3.tgz",
      "integrity": "sha1-OORFjOIGeHOwmnOQjfSIhwwwO9k=",
      "dev": true,
      "requires": {
        "@types/body-parser": "*",
        "@types/express-serve-static-core": "*",
        "@types/serve-static": "*"
      }
    },
    "@types/express-serve-static-core": {
      "version": "4.17.15",
      "resolved": "https://smbuild.jfrog.io/artifactory/api/npm/siteminder-npm/@types/express-serve-static-core/-/express-serve-static-core-4.17.15.tgz",
      "integrity": "sha1-fD03gpqZHamlB8Hv1E2XUy6JCeM=",
      "dev": true,
      "requires": {
        "@types/node": "*",
        "@types/qs": "*",
        "@types/range-parser": "*"
      }
    },
    "@types/helmet": {
      "version": "0.0.45",
      "resolved": "https://smbuild.jfrog.io/artifactory/api/npm/siteminder-npm/@types/helmet/-/helmet-0.0.45.tgz",
      "integrity": "sha1-PqtlUKThms+GASWWp/GYFSlID9U=",
      "dev": true,
      "requires": {
        "@types/express": "*"
      }
    },
    "@types/ioredis": {
      "version": "4.17.8",
      "resolved": "https://smbuild.jfrog.io/artifactory/api/npm/siteminder-npm/@types/ioredis/-/ioredis-4.17.8.tgz",
      "integrity": "sha1-p2HJrawDqfBBMVdpH9riRyYutSM=",
      "dev": true,
      "requires": {
        "@types/node": "*"
      }
    },
    "@types/mime": {
      "version": "2.0.3",
      "resolved": "https://smbuild.jfrog.io/artifactory/api/npm/siteminder-npm/@types/mime/-/mime-2.0.3.tgz",
      "integrity": "sha1-yJO3NyHbc2mZQ7/DZTsd63+qSjo=",
      "dev": true
    },
    "@types/node": {
      "version": "14.14.12",
      "resolved": "https://smbuild.jfrog.io/artifactory/api/npm/siteminder-npm/@types/node/-/node-14.14.12.tgz",
      "integrity": "sha1-Cx2G+MQBQQkShd6gLklA33O7pD8=",
      "dev": true
    },
    "@types/qs": {
      "version": "6.9.5",
      "resolved": "https://smbuild.jfrog.io/artifactory/api/npm/siteminder-npm/@types/qs/-/qs-6.9.5.tgz",
      "integrity": "sha1-Q0cRvdSete5p2QwdZ8NUqajssYs=",
      "dev": true
    },
    "@types/range-parser": {
      "version": "1.2.3",
      "resolved": "https://smbuild.jfrog.io/artifactory/api/npm/siteminder-npm/@types/range-parser/-/range-parser-1.2.3.tgz",
      "integrity": "sha1-fuMwunyq+5gJC+zoal7kQRWQTCw=",
      "dev": true
    },
    "@types/serve-static": {
      "version": "1.13.8",
      "resolved": "https://smbuild.jfrog.io/artifactory/api/npm/siteminder-npm/@types/serve-static/-/serve-static-1.13.8.tgz",
      "integrity": "sha1-hREp1DRDPHCCFIV0/+wmPVgwnEY=",
      "dev": true,
      "requires": {
        "@types/mime": "*",
        "@types/node": "*"
      }
    },
    "@types/winston": {
      "version": "2.4.4",
      "resolved": "https://smbuild.jfrog.io/artifactory/api/npm/siteminder-npm/@types/winston/-/winston-2.4.4.tgz",
      "integrity": "sha1-SMx0S3tC+tdLmi6EkOARK9mj0I0=",
      "dev": true,
      "requires": {
        "winston": "*"
      }
    },
    "accepts": {
      "version": "1.3.7",
      "resolved": "https://smbuild.jfrog.io/artifactory/api/npm/siteminder-npm/accepts/-/accepts-1.3.7.tgz",
      "integrity": "sha1-UxvHJlF6OytB+FACHGzBXqq1B80=",
      "requires": {
        "mime-types": "~2.1.24",
        "negotiator": "0.6.2"
      }
    },
    "array-flatten": {
      "version": "1.1.1",
      "resolved": "https://smbuild.jfrog.io/artifactory/api/npm/siteminder-npm/array-flatten/-/array-flatten-1.1.1.tgz",
      "integrity": "sha1-ml9pkFGx5wczKPKgCJaLZOopVdI="
    },
    "async": {
      "version": "3.2.0",
      "resolved": "https://smbuild.jfrog.io/artifactory/api/npm/siteminder-npm/async/-/async-3.2.0.tgz",
      "integrity": "sha1-s6JoXF67ZB094C0WEALGD8n4VyA="
    },
    "body-parser": {
      "version": "1.19.0",
      "resolved": "https://smbuild.jfrog.io/artifactory/api/npm/siteminder-npm/body-parser/-/body-parser-1.19.0.tgz",
      "integrity": "sha1-lrJwnlfJxOCab9Zqj9l5hE9p8Io=",
      "requires": {
        "bytes": "3.1.0",
        "content-type": "~1.0.4",
        "debug": "2.6.9",
        "depd": "~1.1.2",
        "http-errors": "1.7.2",
        "iconv-lite": "0.4.24",
        "on-finished": "~2.3.0",
        "qs": "6.7.0",
        "raw-body": "2.4.0",
        "type-is": "~1.6.17"
      }
    },
    "bytes": {
      "version": "3.1.0",
      "resolved": "https://smbuild.jfrog.io/artifactory/api/npm/siteminder-npm/bytes/-/bytes-3.1.0.tgz",
      "integrity": "sha1-9s95M6Ng4FiPqf3oVlHNx/gF0fY="
    },
    "cluster-key-slot": {
      "version": "1.1.0",
      "resolved": "https://smbuild.jfrog.io/artifactory/api/npm/siteminder-npm/cluster-key-slot/-/cluster-key-slot-1.1.0.tgz",
      "integrity": "sha1-MEdLKpgfsSFyaVgzBSvA0BM20Q0="
    },
    "color": {
      "version": "3.0.0",
      "resolved": "https://smbuild.jfrog.io/artifactory/api/npm/siteminder-npm/color/-/color-3.0.0.tgz",
      "integrity": "sha1-2SC0Mo1TSjrIKV1o971LpsQnvpo=",
      "requires": {
        "color-convert": "^1.9.1",
        "color-string": "^1.5.2"
      }
    },
    "color-convert": {
      "version": "1.9.3",
      "resolved": "https://smbuild.jfrog.io/artifactory/api/npm/siteminder-npm/color-convert/-/color-convert-1.9.3.tgz",
      "integrity": "sha1-u3GFBpDh8TZWfeYp0tVHHe2kweg=",
      "requires": {
        "color-name": "1.1.3"
      }
    },
    "color-name": {
      "version": "1.1.3",
      "resolved": "https://smbuild.jfrog.io/artifactory/api/npm/siteminder-npm/color-name/-/color-name-1.1.3.tgz",
      "integrity": "sha1-p9BVi9icQveV3UIyj3QIMcpTvCU="
    },
    "color-string": {
      "version": "1.5.4",
      "resolved": "https://smbuild.jfrog.io/artifactory/api/npm/siteminder-npm/color-string/-/color-string-1.5.4.tgz",
      "integrity": "sha1-3VHNJc/ulT0Tj+QAI3LMPQ5QTLY=",
      "requires": {
        "color-name": "^1.0.0",
        "simple-swizzle": "^0.2.2"
      }
    },
    "colors": {
      "version": "1.4.0",
      "resolved": "https://smbuild.jfrog.io/artifactory/api/npm/siteminder-npm/colors/-/colors-1.4.0.tgz",
      "integrity": "sha1-xQSRR51MG9rtLJztMs98fcI2D3g="
    },
    "colorspace": {
      "version": "1.1.2",
      "resolved": "https://smbuild.jfrog.io/artifactory/api/npm/siteminder-npm/colorspace/-/colorspace-1.1.2.tgz",
      "integrity": "sha1-4BKJUNCCuGohaFgHlqCqXWxo2MU=",
      "requires": {
        "color": "3.0.x",
        "text-hex": "1.0.x"
      }
    },
    "content-disposition": {
      "version": "0.5.3",
      "resolved": "https://smbuild.jfrog.io/artifactory/api/npm/siteminder-npm/content-disposition/-/content-disposition-0.5.3.tgz",
      "integrity": "sha1-4TDK9+cnkIfFYWwgB9BIVpiYT70=",
      "requires": {
        "safe-buffer": "5.1.2"
      }
    },
    "content-type": {
      "version": "1.0.4",
      "resolved": "https://smbuild.jfrog.io/artifactory/api/npm/siteminder-npm/content-type/-/content-type-1.0.4.tgz",
      "integrity": "sha1-4TjMdeBAxyexlm/l5fjJruJW/js="
    },
    "cookie": {
      "version": "0.4.0",
      "resolved": "https://smbuild.jfrog.io/artifactory/api/npm/siteminder-npm/cookie/-/cookie-0.4.0.tgz",
      "integrity": "sha1-vrQ35wIrO21JAZ0IhmUwPr6cFLo="
    },
    "cookie-signature": {
      "version": "1.0.6",
      "resolved": "https://smbuild.jfrog.io/artifactory/api/npm/siteminder-npm/cookie-signature/-/cookie-signature-1.0.6.tgz",
      "integrity": "sha1-4wOogrNCzD7oylE6eZmXNNqzriw="
    },
    "core-util-is": {
      "version": "1.0.2",
      "resolved": "https://smbuild.jfrog.io/artifactory/api/npm/siteminder-npm/core-util-is/-/core-util-is-1.0.2.tgz",
      "integrity": "sha1-tf1UIgqivFq1eqtxQMlAdUUDwac="
    },
    "debug": {
      "version": "2.6.9",
      "resolved": "https://smbuild.jfrog.io/artifactory/api/npm/siteminder-npm/debug/-/debug-2.6.9.tgz",
      "integrity": "sha1-XRKFFd8TT/Mn6QpMk/Tgd6U2NB8=",
      "requires": {
        "ms": "2.0.0"
      }
    },
    "denque": {
      "version": "1.4.1",
      "resolved": "https://smbuild.jfrog.io/artifactory/api/npm/siteminder-npm/denque/-/denque-1.4.1.tgz",
      "integrity": "sha1-Z0T/dkHBSMP4ppwwflEjXB9KN88="
    },
    "depd": {
      "version": "1.1.2",
      "resolved": "https://smbuild.jfrog.io/artifactory/api/npm/siteminder-npm/depd/-/depd-1.1.2.tgz",
      "integrity": "sha1-m81S4UwJd2PnSbJ0xDRu0uVgtak="
    },
    "destroy": {
      "version": "1.0.4",
      "resolved": "https://smbuild.jfrog.io/artifactory/api/npm/siteminder-npm/destroy/-/destroy-1.0.4.tgz",
      "integrity": "sha1-l4hXRCxEdJ5CBmE+N5RiBYJqvYA="
    },
    "dotenv": {
      "version": "8.2.0",
      "resolved": "https://smbuild.jfrog.io/artifactory/api/npm/siteminder-npm/dotenv/-/dotenv-8.2.0.tgz",
      "integrity": "sha1-l+YZJZradQ7qPk6j4mvO6lQksWo="
    },
    "ee-first": {
      "version": "1.1.1",
      "resolved": "https://smbuild.jfrog.io/artifactory/api/npm/siteminder-npm/ee-first/-/ee-first-1.1.1.tgz",
      "integrity": "sha1-WQxhFWsK4vTwJVcyoViyZrxWsh0="
    },
    "enabled": {
      "version": "2.0.0",
      "resolved": "https://smbuild.jfrog.io/artifactory/api/npm/siteminder-npm/enabled/-/enabled-2.0.0.tgz",
      "integrity": "sha1-+d2S7C1vS7wNXR5k4h1hzUZl58I="
    },
    "encodeurl": {
      "version": "1.0.2",
      "resolved": "https://smbuild.jfrog.io/artifactory/api/npm/siteminder-npm/encodeurl/-/encodeurl-1.0.2.tgz",
      "integrity": "sha1-rT/0yG7C0CkyL1oCw6mmBslbP1k="
    },
    "escape-html": {
      "version": "1.0.3",
      "resolved": "https://smbuild.jfrog.io/artifactory/api/npm/siteminder-npm/escape-html/-/escape-html-1.0.3.tgz",
      "integrity": "sha1-Aljq5NPQwJdN4cFpGI7wBR0dGYg="
    },
    "etag": {
      "version": "1.8.1",
      "resolved": "https://smbuild.jfrog.io/artifactory/api/npm/siteminder-npm/etag/-/etag-1.8.1.tgz",
      "integrity": "sha1-Qa4u62XvpiJorr/qg6x9eSmbCIc="
    },
    "express": {
      "version": "4.17.1",
      "resolved": "https://smbuild.jfrog.io/artifactory/api/npm/siteminder-npm/express/-/express-4.17.1.tgz",
      "integrity": "sha1-RJH8OGBc9R+GKdOcK10Cb5ikwTQ=",
      "requires": {
        "accepts": "~1.3.7",
        "array-flatten": "1.1.1",
        "body-parser": "1.19.0",
        "content-disposition": "0.5.3",
        "content-type": "~1.0.4",
        "cookie": "0.4.0",
        "cookie-signature": "1.0.6",
        "debug": "2.6.9",
        "depd": "~1.1.2",
        "encodeurl": "~1.0.2",
        "escape-html": "~1.0.3",
        "etag": "~1.8.1",
        "finalhandler": "~1.1.2",
        "fresh": "0.5.2",
        "merge-descriptors": "1.0.1",
        "methods": "~1.1.2",
        "on-finished": "~2.3.0",
        "parseurl": "~1.3.3",
        "path-to-regexp": "0.1.7",
        "proxy-addr": "~2.0.5",
        "qs": "6.7.0",
        "range-parser": "~1.2.1",
        "safe-buffer": "5.1.2",
        "send": "0.17.1",
        "serve-static": "1.14.1",
        "setprototypeof": "1.1.1",
        "statuses": "~1.5.0",
        "type-is": "~1.6.18",
        "utils-merge": "1.0.1",
        "vary": "~1.1.2"
      }
    },
    "fast-safe-stringify": {
      "version": "2.0.7",
      "resolved": "https://smbuild.jfrog.io/artifactory/api/npm/siteminder-npm/fast-safe-stringify/-/fast-safe-stringify-2.0.7.tgz",
      "integrity": "sha1-EkqohYmSYfaK7bQqfAgN6dpgh0M="
    },
    "fecha": {
      "version": "4.2.0",
      "resolved": "https://smbuild.jfrog.io/artifactory/api/npm/siteminder-npm/fecha/-/fecha-4.2.0.tgz",
      "integrity": "sha1-P/tjlUU+Pz7/+FBATwpZtnR/X0E="
    },
    "finalhandler": {
      "version": "1.1.2",
      "resolved": "https://smbuild.jfrog.io/artifactory/api/npm/siteminder-npm/finalhandler/-/finalhandler-1.1.2.tgz",
      "integrity": "sha1-t+fQAP/RGTjQ/bBTUG9uur6fWH0=",
      "requires": {
        "debug": "2.6.9",
        "encodeurl": "~1.0.2",
        "escape-html": "~1.0.3",
        "on-finished": "~2.3.0",
        "parseurl": "~1.3.3",
        "statuses": "~1.5.0",
        "unpipe": "~1.0.0"
      }
    },
    "fn.name": {
      "version": "1.1.0",
      "resolved": "https://smbuild.jfrog.io/artifactory/api/npm/siteminder-npm/fn.name/-/fn.name-1.1.0.tgz",
      "integrity": "sha1-JsrYAXlnrqhzG8QpYdBKPVmIrMw="
    },
    "forwarded": {
      "version": "0.1.2",
      "resolved": "https://smbuild.jfrog.io/artifactory/api/npm/siteminder-npm/forwarded/-/forwarded-0.1.2.tgz",
      "integrity": "sha1-mMI9qxF1ZXuMBXPozszZGw/xjIQ="
    },
    "fresh": {
      "version": "0.5.2",
      "resolved": "https://smbuild.jfrog.io/artifactory/api/npm/siteminder-npm/fresh/-/fresh-0.5.2.tgz",
      "integrity": "sha1-PYyt2Q2XZWn6g1qx+OSyOhBWBac="
    },
    "helmet": {
      "version": "4.2.0",
      "resolved": "https://smbuild.jfrog.io/artifactory/api/npm/siteminder-npm/helmet/-/helmet-4.2.0.tgz",
      "integrity": "sha1-6B9WE8wckEAq9YF5TcmHitB4sjc="
    },
    "http-error-types": {
      "version": "1.0.1",
      "resolved": "https://smbuild.jfrog.io/artifactory/api/npm/siteminder-npm/http-error-types/-/http-error-types-1.0.1.tgz",
      "integrity": "sha1-mnJe5hJnMuriE5YHnLwuYIZw/X0="
    },
    "http-errors": {
      "version": "1.7.2",
      "resolved": "https://smbuild.jfrog.io/artifactory/api/npm/siteminder-npm/http-errors/-/http-errors-1.7.2.tgz",
      "integrity": "sha1-T1ApzxMjnzEDblsuVSkrz7zIXI8=",
      "requires": {
        "depd": "~1.1.2",
        "inherits": "2.0.3",
        "setprototypeof": "1.1.1",
        "statuses": ">= 1.5.0 < 2",
        "toidentifier": "1.0.0"
      }
    },
    "iconv-lite": {
      "version": "0.4.24",
      "resolved": "https://smbuild.jfrog.io/artifactory/api/npm/siteminder-npm/iconv-lite/-/iconv-lite-0.4.24.tgz",
      "integrity": "sha1-ICK0sl+93CHS9SSXSkdKr+czkIs=",
      "requires": {
        "safer-buffer": ">= 2.1.2 < 3"
      }
    },
    "inherits": {
      "version": "2.0.3",
      "resolved": "https://smbuild.jfrog.io/artifactory/api/npm/siteminder-npm/inherits/-/inherits-2.0.3.tgz",
      "integrity": "sha1-Yzwsg+PaQqUC9SRmAiSA9CCCYd4="
    },
    "ioredis": {
      "version": "4.19.2",
      "resolved": "https://smbuild.jfrog.io/artifactory/api/npm/siteminder-npm/ioredis/-/ioredis-4.19.2.tgz",
      "integrity": "sha1-4+qzlMZTzqWuoHwMeE2Mdy3OiAE=",
      "requires": {
        "cluster-key-slot": "^1.1.0",
        "debug": "^4.1.1",
        "denque": "^1.1.0",
        "lodash.defaults": "^4.2.0",
        "lodash.flatten": "^4.4.0",
        "p-map": "^2.1.0",
        "redis-commands": "1.6.0",
        "redis-errors": "^1.2.0",
        "redis-parser": "^3.0.0",
        "standard-as-callback": "^2.0.1"
      },
      "dependencies": {
        "debug": {
          "version": "4.3.1",
          "resolved": "https://smbuild.jfrog.io/artifactory/api/npm/siteminder-npm/debug/-/debug-4.3.1.tgz",
          "integrity": "sha1-8NIpxQXgxtjEmsVT0bE9wYP2su4=",
          "requires": {
            "ms": "2.1.2"
          }
        },
        "ms": {
          "version": "2.1.2",
          "resolved": "https://smbuild.jfrog.io/artifactory/api/npm/siteminder-npm/ms/-/ms-2.1.2.tgz",
          "integrity": "sha1-0J0fNXtEP0kzgqjrPM0YOHKuYAk="
        }
      }
    },
    "ipaddr.js": {
      "version": "1.9.1",
      "resolved": "https://smbuild.jfrog.io/artifactory/api/npm/siteminder-npm/ipaddr.js/-/ipaddr.js-1.9.1.tgz",
      "integrity": "sha1-v/OFQ+64mEglB5/zoqjmy9RngbM="
    },
    "is-arrayish": {
      "version": "0.3.2",
      "resolved": "https://smbuild.jfrog.io/artifactory/api/npm/siteminder-npm/is-arrayish/-/is-arrayish-0.3.2.tgz",
      "integrity": "sha1-RXSirlb3qyBolvtDHq7tBm/fjwM="
    },
    "is-stream": {
      "version": "2.0.0",
      "resolved": "https://smbuild.jfrog.io/artifactory/api/npm/siteminder-npm/is-stream/-/is-stream-2.0.0.tgz",
      "integrity": "sha1-venDJoDW+uBBKdasnZIc54FfeOM="
    },
    "isarray": {
      "version": "1.0.0",
      "resolved": "https://smbuild.jfrog.io/artifactory/api/npm/siteminder-npm/isarray/-/isarray-1.0.0.tgz",
      "integrity": "sha1-u5NdSFgsuhaMBoNJV6VKPgcSTxE="
    },
    "kuler": {
      "version": "2.0.0",
      "resolved": "https://smbuild.jfrog.io/artifactory/api/npm/siteminder-npm/kuler/-/kuler-2.0.0.tgz",
      "integrity": "sha1-4sVwo4ADiPtEQH6FFTHB1nCwYbM="
    },
    "lodash.defaults": {
      "version": "4.2.0",
      "resolved": "https://smbuild.jfrog.io/artifactory/api/npm/siteminder-npm/lodash.defaults/-/lodash.defaults-4.2.0.tgz",
      "integrity": "sha1-0JF4cW/+pN3p5ft7N/bwgCJ0WAw="
    },
    "lodash.flatten": {
      "version": "4.4.0",
      "resolved": "https://smbuild.jfrog.io/artifactory/api/npm/siteminder-npm/lodash.flatten/-/lodash.flatten-4.4.0.tgz",
      "integrity": "sha1-8xwiIlqWMtK7+OSt2+8kCqdlph8="
    },
    "logform": {
      "version": "2.2.0",
      "resolved": "https://smbuild.jfrog.io/artifactory/api/npm/siteminder-npm/logform/-/logform-2.2.0.tgz",
      "integrity": "sha1-QPA20ZFh/Ha2irUP3H/klVREkvI=",
      "requires": {
        "colors": "^1.2.1",
        "fast-safe-stringify": "^2.0.4",
        "fecha": "^4.2.0",
        "ms": "^2.1.1",
        "triple-beam": "^1.3.0"
      },
      "dependencies": {
        "ms": {
          "version": "2.1.3",
          "resolved": "https://smbuild.jfrog.io/artifactory/api/npm/siteminder-npm/ms/-/ms-2.1.3.tgz",
          "integrity": "sha1-V0yBOM4dK1hh8LRFedut1gxmFbI="
        }
      }
    },
    "logger-template": {
      "version": "1.0.1",
      "resolved": "https://smbuild.jfrog.io/artifactory/api/npm/siteminder-npm/logger-template/-/logger-template-1.0.1.tgz",
      "integrity": "sha1-RIIAn3PSXNxY0js2LyXYepCB2VY="
    },
    "media-typer": {
      "version": "0.3.0",
      "resolved": "https://smbuild.jfrog.io/artifactory/api/npm/siteminder-npm/media-typer/-/media-typer-0.3.0.tgz",
      "integrity": "sha1-hxDXrwqmJvj/+hzgAWhUUmMlV0g="
    },
    "merge-descriptors": {
      "version": "1.0.1",
      "resolved": "https://smbuild.jfrog.io/artifactory/api/npm/siteminder-npm/merge-descriptors/-/merge-descriptors-1.0.1.tgz",
      "integrity": "sha1-sAqqVW3YtEVoFQ7J0blT8/kMu2E="
    },
    "methods": {
      "version": "1.1.2",
      "resolved": "https://smbuild.jfrog.io/artifactory/api/npm/siteminder-npm/methods/-/methods-1.1.2.tgz",
      "integrity": "sha1-VSmk1nZUE07cxSZmVoNbD4Ua/O4="
    },
    "mime": {
      "version": "1.6.0",
      "resolved": "https://smbuild.jfrog.io/artifactory/api/npm/siteminder-npm/mime/-/mime-1.6.0.tgz",
      "integrity": "sha1-Ms2eXGRVO9WNGaVor0Uqz/BJgbE="
    },
    "mime-db": {
      "version": "1.44.0",
      "resolved": "https://smbuild.jfrog.io/artifactory/api/npm/siteminder-npm/mime-db/-/mime-db-1.44.0.tgz",
      "integrity": "sha1-+hHF6wrKEzS0Izy01S8QxaYnL5I="
    },
    "mime-types": {
      "version": "2.1.27",
      "resolved": "https://smbuild.jfrog.io/artifactory/api/npm/siteminder-npm/mime-types/-/mime-types-2.1.27.tgz",
      "integrity": "sha1-R5SfmOJ56lMRn1ci4PNOUpvsAJ8=",
      "requires": {
        "mime-db": "1.44.0"
      }
    },
    "ms": {
      "version": "2.0.0",
      "resolved": "https://smbuild.jfrog.io/artifactory/api/npm/siteminder-npm/ms/-/ms-2.0.0.tgz",
      "integrity": "sha1-VgiurfwAvmwpAd9fmGF4jeDVl8g="
    },
    "negotiator": {
      "version": "0.6.2",
      "resolved": "https://smbuild.jfrog.io/artifactory/api/npm/siteminder-npm/negotiator/-/negotiator-0.6.2.tgz",
      "integrity": "sha1-/qz3zPUlp3rpY0Q2pkiD/+yjRvs="
    },
    "on-finished": {
      "version": "2.3.0",
      "resolved": "https://smbuild.jfrog.io/artifactory/api/npm/siteminder-npm/on-finished/-/on-finished-2.3.0.tgz",
      "integrity": "sha1-IPEzZIGwg811M3mSoWlxqi2QaUc=",
      "requires": {
        "ee-first": "1.1.1"
      }
    },
    "one-time": {
      "version": "1.0.0",
      "resolved": "https://smbuild.jfrog.io/artifactory/api/npm/siteminder-npm/one-time/-/one-time-1.0.0.tgz",
      "integrity": "sha1-4GvBdK7SFO1Y7e3lc7Qzu/gny0U=",
      "requires": {
        "fn.name": "1.x.x"
      }
    },
    "p-map": {
      "version": "2.1.0",
      "resolved": "https://smbuild.jfrog.io/artifactory/api/npm/siteminder-npm/p-map/-/p-map-2.1.0.tgz",
      "integrity": "sha1-MQko/u+cnsxltosXaTAYpmXOoXU="
    },
    "parseurl": {
      "version": "1.3.3",
      "resolved": "https://smbuild.jfrog.io/artifactory/api/npm/siteminder-npm/parseurl/-/parseurl-1.3.3.tgz",
      "integrity": "sha1-naGee+6NEt/wUT7Vt2lXeTvC6NQ="
    },
    "path-to-regexp": {
      "version": "0.1.7",
      "resolved": "https://smbuild.jfrog.io/artifactory/api/npm/siteminder-npm/path-to-regexp/-/path-to-regexp-0.1.7.tgz",
      "integrity": "sha1-32BBeABfUi8V60SQ5yR6G/qmf4w="
    },
    "process-nextick-args": {
      "version": "2.0.1",
      "resolved": "https://smbuild.jfrog.io/artifactory/api/npm/siteminder-npm/process-nextick-args/-/process-nextick-args-2.0.1.tgz",
      "integrity": "sha1-eCDZsWEgzFXKmud5JoCufbptf+I="
    },
    "proxy-addr": {
      "version": "2.0.6",
      "resolved": "https://smbuild.jfrog.io/artifactory/api/npm/siteminder-npm/proxy-addr/-/proxy-addr-2.0.6.tgz",
      "integrity": "sha1-/cIzZQVEfT8vLGOO0nLK9hS7sr8=",
      "requires": {
        "forwarded": "~0.1.2",
        "ipaddr.js": "1.9.1"
      }
    },
    "qs": {
      "version": "6.7.0",
      "resolved": "https://smbuild.jfrog.io/artifactory/api/npm/siteminder-npm/qs/-/qs-6.7.0.tgz",
      "integrity": "sha1-QdwaAV49WB8WIXdr4xr7KHapsbw="
    },
    "range-parser": {
      "version": "1.2.1",
      "resolved": "https://smbuild.jfrog.io/artifactory/api/npm/siteminder-npm/range-parser/-/range-parser-1.2.1.tgz",
      "integrity": "sha1-PPNwI9GZ4cJNGlW4SADC8+ZGgDE="
    },
    "rate-limiter-flexible": {
      "version": "2.1.13",
      "resolved": "https://smbuild.jfrog.io/artifactory/api/npm/siteminder-npm/rate-limiter-flexible/-/rate-limiter-flexible-2.1.13.tgz",
      "integrity": "sha1-L8u3hpIVGL64q6RLRP4Ep8FB2ys="
    },
    "raw-body": {
      "version": "2.4.0",
      "resolved": "https://smbuild.jfrog.io/artifactory/api/npm/siteminder-npm/raw-body/-/raw-body-2.4.0.tgz",
      "integrity": "sha1-oc5vucm8NWylLoklarWQWeE9AzI=",
      "requires": {
        "bytes": "3.1.0",
        "http-errors": "1.7.2",
        "iconv-lite": "0.4.24",
        "unpipe": "1.0.0"
      }
    },
    "readable-stream": {
      "version": "3.6.0",
      "resolved": "https://smbuild.jfrog.io/artifactory/api/npm/siteminder-npm/readable-stream/-/readable-stream-3.6.0.tgz",
      "integrity": "sha1-M3u9o63AcGvT4CRCaihtS0sskZg=",
      "requires": {
        "inherits": "^2.0.3",
        "string_decoder": "^1.1.1",
        "util-deprecate": "^1.0.1"
      }
    },
    "redis-commands": {
      "version": "1.6.0",
      "resolved": "https://smbuild.jfrog.io/artifactory/api/npm/siteminder-npm/redis-commands/-/redis-commands-1.6.0.tgz",
      "integrity": "sha1-NtTKQq6e0pgVzbMK2fl5guuhziM="
    },
    "redis-errors": {
      "version": "1.2.0",
      "resolved": "https://smbuild.jfrog.io/artifactory/api/npm/siteminder-npm/redis-errors/-/redis-errors-1.2.0.tgz",
      "integrity": "sha1-62LSrbFeTq9GEMBK/hUpOEJQq60="
    },
    "redis-parser": {
      "version": "3.0.0",
      "resolved": "https://smbuild.jfrog.io/artifactory/api/npm/siteminder-npm/redis-parser/-/redis-parser-3.0.0.tgz",
      "integrity": "sha1-tm2CjNyv5rS4pCin3vTGvKwxyLQ=",
      "requires": {
        "redis-errors": "^1.0.0"
      }
    },
    "safe-buffer": {
      "version": "5.1.2",
      "resolved": "https://smbuild.jfrog.io/artifactory/api/npm/siteminder-npm/safe-buffer/-/safe-buffer-5.1.2.tgz",
      "integrity": "sha1-mR7GnSluAxN0fVm9/St0XDX4go0="
    },
    "safer-buffer": {
      "version": "2.1.2",
      "resolved": "https://smbuild.jfrog.io/artifactory/api/npm/siteminder-npm/safer-buffer/-/safer-buffer-2.1.2.tgz",
      "integrity": "sha1-RPoWGwGHuVSd2Eu5GAL5vYOFzWo="
    },
    "send": {
      "version": "0.17.1",
      "resolved": "https://smbuild.jfrog.io/artifactory/api/npm/siteminder-npm/send/-/send-0.17.1.tgz",
      "integrity": "sha1-wdiwWfeQD3Rm3Uk4vcROEd2zdsg=",
      "requires": {
        "debug": "2.6.9",
        "depd": "~1.1.2",
        "destroy": "~1.0.4",
        "encodeurl": "~1.0.2",
        "escape-html": "~1.0.3",
        "etag": "~1.8.1",
        "fresh": "0.5.2",
        "http-errors": "~1.7.2",
        "mime": "1.6.0",
        "ms": "2.1.1",
        "on-finished": "~2.3.0",
        "range-parser": "~1.2.1",
        "statuses": "~1.5.0"
      },
      "dependencies": {
        "ms": {
          "version": "2.1.1",
          "resolved": "https://smbuild.jfrog.io/artifactory/api/npm/siteminder-npm/ms/-/ms-2.1.1.tgz",
          "integrity": "sha1-MKWGTrPrsKZvLr5tcnrwagnYbgo="
        }
      }
    },
    "serve-static": {
      "version": "1.14.1",
      "resolved": "https://smbuild.jfrog.io/artifactory/api/npm/siteminder-npm/serve-static/-/serve-static-1.14.1.tgz",
      "integrity": "sha1-Zm5jbcTwEPfvKZcKiKZ0MgiYsvk=",
      "requires": {
        "encodeurl": "~1.0.2",
        "escape-html": "~1.0.3",
        "parseurl": "~1.3.3",
        "send": "0.17.1"
      }
    },
    "setprototypeof": {
      "version": "1.1.1",
      "resolved": "https://smbuild.jfrog.io/artifactory/api/npm/siteminder-npm/setprototypeof/-/setprototypeof-1.1.1.tgz",
      "integrity": "sha1-fpWsskqpL1iF4KvvW6ExMw1K5oM="
    },
    "simple-swizzle": {
      "version": "0.2.2",
      "resolved": "https://smbuild.jfrog.io/artifactory/api/npm/siteminder-npm/simple-swizzle/-/simple-swizzle-0.2.2.tgz",
      "integrity": "sha1-pNprY1/8zMoz9w0Xy5JZLeleVXo=",
      "requires": {
        "is-arrayish": "^0.3.1"
      }
    },
    "stack-trace": {
      "version": "0.0.10",
      "resolved": "https://smbuild.jfrog.io/artifactory/api/npm/siteminder-npm/stack-trace/-/stack-trace-0.0.10.tgz",
      "integrity": "sha1-VHxws0fo0ytOEI6hoqFZ5f3eGcA="
    },
    "standard-as-callback": {
      "version": "2.0.1",
      "resolved": "https://smbuild.jfrog.io/artifactory/api/npm/siteminder-npm/standard-as-callback/-/standard-as-callback-2.0.1.tgz",
      "integrity": "sha1-7YuyVkjhWDF1m2Ajvbh+a2CzgSY="
    },
    "statuses": {
      "version": "1.5.0",
      "resolved": "https://smbuild.jfrog.io/artifactory/api/npm/siteminder-npm/statuses/-/statuses-1.5.0.tgz",
      "integrity": "sha1-Fhx9rBd2Wf2YEfQ3cfqZOBR4Yow="
    },
    "string_decoder": {
      "version": "1.3.0",
      "resolved": "https://smbuild.jfrog.io/artifactory/api/npm/siteminder-npm/string_decoder/-/string_decoder-1.3.0.tgz",
      "integrity": "sha1-QvEUWUpGzxqOMLCoT1bHjD7awh4=",
      "requires": {
        "safe-buffer": "~5.2.0"
      },
      "dependencies": {
        "safe-buffer": {
          "version": "5.2.1",
          "resolved": "https://smbuild.jfrog.io/artifactory/api/npm/siteminder-npm/safe-buffer/-/safe-buffer-5.2.1.tgz",
          "integrity": "sha1-Hq+fqb2x/dTsdfWPnNtOa3gn7sY="
        }
      }
    },
    "text-hex": {
      "version": "1.0.0",
      "resolved": "https://smbuild.jfrog.io/artifactory/api/npm/siteminder-npm/text-hex/-/text-hex-1.0.0.tgz",
      "integrity": "sha1-adycGxdEbueakr9biEu0uRJ1BvU="
    },
    "toidentifier": {
      "version": "1.0.0",
      "resolved": "https://smbuild.jfrog.io/artifactory/api/npm/siteminder-npm/toidentifier/-/toidentifier-1.0.0.tgz",
      "integrity": "sha1-fhvjRw8ed5SLxD2Uo8j013UrpVM="
    },
    "triple-beam": {
      "version": "1.3.0",
      "resolved": "https://smbuild.jfrog.io/artifactory/api/npm/siteminder-npm/triple-beam/-/triple-beam-1.3.0.tgz",
      "integrity": "sha1-pZUhTHKY24M57u7gg+TRC9jLjdk="
    },
    "type-is": {
      "version": "1.6.18",
      "resolved": "https://smbuild.jfrog.io/artifactory/api/npm/siteminder-npm/type-is/-/type-is-1.6.18.tgz",
      "integrity": "sha1-TlUs0F3wlGfcvE73Od6J8s83wTE=",
      "requires": {
        "media-typer": "0.3.0",
        "mime-types": "~2.1.24"
      }
    },
    "typescript": {
      "version": "4.1.2",
      "resolved": "https://smbuild.jfrog.io/artifactory/api/npm/siteminder-npm/typescript/-/typescript-4.1.2.tgz",
      "integrity": "sha1-Y2nvIlFv5eEDBKrlpcSGLbVTgOk=",
      "dev": true
    },
    "unpipe": {
      "version": "1.0.0",
      "resolved": "https://smbuild.jfrog.io/artifactory/api/npm/siteminder-npm/unpipe/-/unpipe-1.0.0.tgz",
      "integrity": "sha1-sr9O6FFKrmFltIF4KdIbLvSZBOw="
    },
    "util-deprecate": {
      "version": "1.0.2",
      "resolved": "https://smbuild.jfrog.io/artifactory/api/npm/siteminder-npm/util-deprecate/-/util-deprecate-1.0.2.tgz",
      "integrity": "sha1-RQ1Nyfpw3nMnYvvS1KKJgUGaDM8="
    },
    "utils-merge": {
      "version": "1.0.1",
      "resolved": "https://smbuild.jfrog.io/artifactory/api/npm/siteminder-npm/utils-merge/-/utils-merge-1.0.1.tgz",
      "integrity": "sha1-n5VxD1CiZ5R7LMwSR0HBAoQn5xM="
    },
    "vary": {
      "version": "1.1.2",
      "resolved": "https://smbuild.jfrog.io/artifactory/api/npm/siteminder-npm/vary/-/vary-1.1.2.tgz",
      "integrity": "sha1-IpnwLG3tMNSllhsLn3RSShj2NPw="
    },
    "winston": {
      "version": "3.3.3",
      "resolved": "https://smbuild.jfrog.io/artifactory/api/npm/siteminder-npm/winston/-/winston-3.3.3.tgz",
      "integrity": "sha1-rmFyBCyvspeGr6PQnI/4M6t8kXA=",
      "requires": {
        "@dabh/diagnostics": "^2.0.2",
        "async": "^3.1.0",
        "is-stream": "^2.0.0",
        "logform": "^2.2.0",
        "one-time": "^1.0.0",
        "readable-stream": "^3.4.0",
        "stack-trace": "0.0.x",
        "triple-beam": "^1.3.0",
        "winston-transport": "^4.4.0"
      }
    },
    "winston-transport": {
      "version": "4.4.0",
      "resolved": "https://smbuild.jfrog.io/artifactory/api/npm/siteminder-npm/winston-transport/-/winston-transport-4.4.0.tgz",
      "integrity": "sha1-F69RjappDVsuzMqnrPeyDKeSXlk=",
      "requires": {
        "readable-stream": "^2.3.7",
        "triple-beam": "^1.2.0"
      },
      "dependencies": {
        "readable-stream": {
          "version": "2.3.7",
          "resolved": "https://smbuild.jfrog.io/artifactory/api/npm/siteminder-npm/readable-stream/-/readable-stream-2.3.7.tgz",
          "integrity": "sha1-Hsoc9xGu+BTAT2IlKjamL2yyO1c=",
          "requires": {
            "core-util-is": "~1.0.0",
            "inherits": "~2.0.3",
            "isarray": "~1.0.0",
            "process-nextick-args": "~2.0.0",
            "safe-buffer": "~5.1.1",
            "string_decoder": "~1.1.1",
            "util-deprecate": "~1.0.1"
          }
        },
        "string_decoder": {
          "version": "1.1.1",
          "resolved": "https://smbuild.jfrog.io/artifactory/api/npm/siteminder-npm/string_decoder/-/string_decoder-1.1.1.tgz",
          "integrity": "sha1-nPFhG6YmhdcDCunkujQUnDrwP8g=",
          "requires": {
            "safe-buffer": "~5.1.0"
          }
        }
      }
    }
  }
}
